
Microsoft Visual Studio Solution File, Format Version 12.00
# Visual Studio Version 16
VisualStudioVersion = 16.0.30320.27
MinimumVisualStudioVersion = 10.0.40219.1
Project("{FAE04EC0-301F-11D3-BF4B-00C04F79EFBC}") = "BubbleSort", "BubbleSort\BubbleSort.csproj", "{96FAD9F6-B45E-4C68-80BF-42A95858FDA0}"
EndProject
Global
	GlobalSection(SolutionConfigurationPlatforms) = preSolution
		Debug|Any CPU = Debug|Any CPU
		Release|Any CPU = Release|Any CPU
	EndGlobalSection
	GlobalSection(ProjectConfigurationPlatforms) = postSolution
		{96FAD9F6-B45E-4C68-80BF-42A95858FDA0}.Debug|Any CPU.ActiveCfg = Debug|Any CPU
		{96FAD9F6-B45E-4C68-80BF-42A95858FDA0}.Debug|Any CPU.Build.0 = Debug|Any CPU
		{96FAD9F6-B45E-4C68-80BF-42A95858FDA0}.Release|Any CPU.ActiveCfg = Release|Any CPU
		{96FAD9F6-B45E-4C68-80BF-42A95858FDA0}.Release|Any CPU.Build.0 = Release|Any CPU
	EndGlobalSection
	GlobalSection(SolutionProperties) = preSolution
		HideSolutionNode = FALSE
	EndGlobalSection
	GlobalSection(ExtensibilityGlobals) = postSolution
		SolutionGuid = {8C83586C-249E-49E1-875D-936DE896E83A}
	EndGlobalSection
EndGlobal
